
Microsoft Visual Studio Solution File, Format Version 12.00
# Visual Studio 15
VisualStudioVersion = 15.0.28307.572
MinimumVisualStudioVersion = 10.0.40219.1
Project("{FAE04EC0-301F-11D3-BF4B-00C04F79EFBC}") = "FileBrowserKyleJanka", "FileBrowserKyleJanka.csproj", "{F605DDB1-6AE2-409E-9046-6972597739D4}"
EndProject
Global
	GlobalSection(SolutionConfigurationPlatforms) = preSolution
		Debug|Any CPU = Debug|Any CPU
		Release|Any CPU = Release|Any CPU
	EndGlobalSection
	GlobalSection(ProjectConfigurationPlatforms) = postSolution
		{F605DDB1-6AE2-409E-9046-6972597739D4}.Debug|Any CPU.ActiveCfg = Debug|Any CPU
		{F605DDB1-6AE2-409E-9046-6972597739D4}.Debug|Any CPU.Build.0 = Debug|Any CPU
		{F605DDB1-6AE2-409E-9046-6972597739D4}.Release|Any CPU.ActiveCfg = Release|Any CPU
		{F605DDB1-6AE2-409E-9046-6972597739D4}.Release|Any CPU.Build.0 = Release|Any CPU
	EndGlobalSection
	GlobalSection(SolutionProperties) = preSolution
		HideSolutionNode = FALSE
	EndGlobalSection
	GlobalSection(ExtensibilityGlobals) = postSolution
		SolutionGuid = {1F7963ED-33C2-4F30-9FD6-EBEF6DD3AF40}
	EndGlobalSection
EndGlobal
